Microsoft Visual Studio Solution File, Format Version 12.00
# Visual Studio 15
VisualStudioVersion = 15.0.27130.2024
MinimumVisualStudioVersion = 15.0.26124.0
Project("{9A19103F-16F7-4668-BE54-9A1E7A4F7556}") = "TodoMvc", "TodoMvc\TodoMvc.csproj", "{B942FB6A-691D-498D-B2E3-36D12F0B323B}"
EndProject
Global
	GlobalSection(SolutionConfigurationPlatforms) = preSolution
		Debug|Any CPU = Debug|Any CPU
		Debug|x64 = Debug|x64
		Debug|x86 = Debug|x86
		Release|Any CPU = Release|Any CPU
		Release|x64 = Release|x64
		Release|x86 = Release|x86
	EndGlobalSection
	GlobalSection(ProjectConfigurationPlatforms) = postSolution
		{B942FB6A-691D-498D-B2E3-36D12F0B323B}.Debug|Any CPU.ActiveCfg = Debug|Any CPU
		{B942FB6A-691D-498D-B2E3-36D12F0B323B}.Debug|Any CPU.Build.0 = Debug|Any CPU
		{B942FB6A-691D-498D-B2E3-36D12F0B323B}.Debug|x64.ActiveCfg = Debug|Any CPU
		{B942FB6A-691D-498D-B2E3-36D12F0B323B}.Debug|x64.Build.0 = Debug|Any CPU
		{B942FB6A-691D-498D-B2E3-36D12F0B323B}.Debug|x86.ActiveCfg = Debug|Any CPU
		{B942FB6A-691D-498D-B2E3-36D12F0B323B}.Debug|x86.Build.0 = Debug|Any CPU
		{B942FB6A-691D-498D-B2E3-36D12F0B323B}.Release|Any CPU.ActiveCfg = Release|Any CPU
		{B942FB6A-691D-498D-B2E3-36D12F0B323B}.Release|Any CPU.Build.0 = Release|Any CPU
		{B942FB6A-691D-498D-B2E3-36D12F0B323B}.Release|x64.ActiveCfg = Release|Any CPU
		{B942FB6A-691D-498D-B2E3-36D12F0B323B}.Release|x64.Build.0 = Release|Any CPU
		{B942FB6A-691D-498D-B2E3-36D12F0B323B}.Release|x86.ActiveCfg = Release|Any CPU
		{B942FB6A-691D-498D-B2E3-36D12F0B323B}.Release|x86.Build.0 = Release|Any CPU
	EndGlobalSection
	GlobalSection(SolutionProperties) = preSolution
		HideSolutionNode = FALSE
	EndGlobalSection
	GlobalSection(ExtensibilityGlobals) = postSolution
		SolutionGuid = {AC5BB6FB-5516-41DC-9D8A-EB0D5D4BF18A}
	EndGlobalSection
EndGlobal
